
Microsoft Visual Studio Solution File, Format Version 12.00
# Visual Studio 15
VisualStudioVersion = 15.0.27130.2010
MinimumVisualStudioVersion = 10.0.40219.1
Project("{9A19103F-16F7-4668-BE54-9A1E7A4F7556}") = "GraphQlDemo", "GraphQlDemo\GraphQlDemo.csproj", "{26778566-EE23-467A-85CB-879A910A7F7F}"
EndProject
Project("{9A19103F-16F7-4668-BE54-9A1E7A4F7556}") = "GraphQl.AspNetCore", "GraphQl.AspNetCore\GraphQl.AspNetCore.csproj", "{E8329568-4BC4-4DC6-9B86-4B7FF164B413}"
EndProject
Project("{9A19103F-16F7-4668-BE54-9A1E7A4F7556}") = "GraphQL.AspNetCore.Graphiql", "GraphQL.AspNetCore.Graphiql\GraphQL.AspNetCore.Graphiql.csproj", "{646FD9C2-9213-4DD8-A53A-D4F974CB79AC}"
EndProject
Project("{2150E333-8FDC-42A3-9474-1A3956D46DE8}") = ".build", ".build", "{A7CA87DB-A8B0-47F1-AAB7-9515F95C5BB7}"
	ProjectSection(SolutionItems) = preProject
		appveyor.yml = appveyor.yml
		build.cake = build.cake
	EndProjectSection
EndProject
Project("{9A19103F-16F7-4668-BE54-9A1E7A4F7556}") = "GraphQl.AspNetCore.IntegrationTest", "test\GraphQl.AspNetCore.IntegrationTest\GraphQl.AspNetCore.IntegrationTest.csproj", "{53928A9C-C075-403A-894A-2372E1793ACD}"
EndProject
Project("{9A19103F-16F7-4668-BE54-9A1E7A4F7556}") = "GraphQlDemo.Data", "GraphQlDemo.Data\GraphQlDemo.Data.csproj", "{81F4D9FA-03D6-4DFE-AB91-099879958DC0}"
EndProject
Project("{9A19103F-16F7-4668-BE54-9A1E7A4F7556}") = "GraphQlDemo.Models", "GraphQlDemo.Models\GraphQlDemo.Models.csproj", "{C13E5D72-3DF9-44DB-B4CE-60D167B41323}"
EndProject
Project("{9A19103F-16F7-4668-BE54-9A1E7A4F7556}") = "GraphQlDemo.GraphQl", "GraphQlDemo.GraphQl\GraphQlDemo.GraphQl.csproj", "{762DDBB4-3300-4DD1-B389-4403D32CA940}"
EndProject
Project("{9A19103F-16F7-4668-BE54-9A1E7A4F7556}") = "GraphQlDemo.Services", "GraphQlDemo.Services\GraphQlDemo.Services.csproj", "{297DA517-6A5E-46F4-84FD-16C2A3F1FB5B}"
EndProject
Project("{9A19103F-16F7-4668-BE54-9A1E7A4F7556}") = "GraphQlDemo.Data.InMemory", "GraphQlDemo.Data.InMemory\GraphQlDemo.Data.InMemory.csproj", "{8153C682-9A0B-449B-B721-69BA84909BBE}"
EndProject
Global
	GlobalSection(SolutionConfigurationPlatforms) = preSolution
		Debug|Any CPU = Debug|Any CPU
		Release|Any CPU = Release|Any CPU
	EndGlobalSection
	GlobalSection(ProjectConfigurationPlatforms) = postSolution
		{26778566-EE23-467A-85CB-879A910A7F7F}.Debug|Any CPU.ActiveCfg = Debug|Any CPU
		{26778566-EE23-467A-85CB-879A910A7F7F}.Debug|Any CPU.Build.0 = Debug|Any CPU
		{26778566-EE23-467A-85CB-879A910A7F7F}.Release|Any CPU.ActiveCfg = Release|Any CPU
		{26778566-EE23-467A-85CB-879A910A7F7F}.Release|Any CPU.Build.0 = Release|Any CPU
		{E8329568-4BC4-4DC6-9B86-4B7FF164B413}.Debug|Any CPU.ActiveCfg = Debug|Any CPU
		{E8329568-4BC4-4DC6-9B86-4B7FF164B413}.Debug|Any CPU.Build.0 = Debug|Any CPU
		{E8329568-4BC4-4DC6-9B86-4B7FF164B413}.Release|Any CPU.ActiveCfg = Release|Any CPU
		{E8329568-4BC4-4DC6-9B86-4B7FF164B413}.Release|Any CPU.Build.0 = Release|Any CPU
		{646FD9C2-9213-4DD8-A53A-D4F974CB79AC}.Debug|Any CPU.ActiveCfg = Debug|Any CPU
		{646FD9C2-9213-4DD8-A53A-D4F974CB79AC}.Debug|Any CPU.Build.0 = Debug|Any CPU
		{646FD9C2-9213-4DD8-A53A-D4F974CB79AC}.Release|Any CPU.ActiveCfg = Release|Any CPU
		{646FD9C2-9213-4DD8-A53A-D4F974CB79AC}.Release|Any CPU.Build.0 = Release|Any CPU
		{53928A9C-C075-403A-894A-2372E1793ACD}.Debug|Any CPU.ActiveCfg = Debug|Any CPU
		{53928A9C-C075-403A-894A-2372E1793ACD}.Debug|Any CPU.Build.0 = Debug|Any CPU
		{53928A9C-C075-403A-894A-2372E1793ACD}.Release|Any CPU.ActiveCfg = Release|Any CPU
		{53928A9C-C075-403A-894A-2372E1793ACD}.Release|Any CPU.Build.0 = Release|Any CPU
		{81F4D9FA-03D6-4DFE-AB91-099879958DC0}.Debug|Any CPU.ActiveCfg = Debug|Any CPU
		{81F4D9FA-03D6-4DFE-AB91-099879958DC0}.Debug|Any CPU.Build.0 = Debug|Any CPU
		{81F4D9FA-03D6-4DFE-AB91-099879958DC0}.Release|Any CPU.ActiveCfg = Release|Any CPU
		{81F4D9FA-03D6-4DFE-AB91-099879958DC0}.Release|Any CPU.Build.0 = Release|Any CPU
		{C13E5D72-3DF9-44DB-B4CE-60D167B41323}.Debug|Any CPU.ActiveCfg = Debug|Any CPU
		{C13E5D72-3DF9-44DB-B4CE-60D167B41323}.Debug|Any CPU.Build.0 = Debug|Any CPU
		{C13E5D72-3DF9-44DB-B4CE-60D167B41323}.Release|Any CPU.ActiveCfg = Release|Any CPU
		{C13E5D72-3DF9-44DB-B4CE-60D167B41323}.Release|Any CPU.Build.0 = Release|Any CPU
		{762DDBB4-3300-4DD1-B389-4403D32CA940}.Debug|Any CPU.ActiveCfg = Debug|Any CPU
		{762DDBB4-3300-4DD1-B389-4403D32CA940}.Debug|Any CPU.Build.0 = Debug|Any CPU
		{762DDBB4-3300-4DD1-B389-4403D32CA940}.Release|Any CPU.ActiveCfg = Release|Any CPU
		{762DDBB4-3300-4DD1-B389-4403D32CA940}.Release|Any CPU.Build.0 = Release|Any CPU
		{297DA517-6A5E-46F4-84FD-16C2A3F1FB5B}.Debug|Any CPU.ActiveCfg = Debug|Any CPU
		{297DA517-6A5E-46F4-84FD-16C2A3F1FB5B}.Debug|Any CPU.Build.0 = Debug|Any CPU
		{297DA517-6A5E-46F4-84FD-16C2A3F1FB5B}.Release|Any CPU.ActiveCfg = Release|Any CPU
		{297DA517-6A5E-46F4-84FD-16C2A3F1FB5B}.Release|Any CPU.Build.0 = Release|Any CPU
		{8153C682-9A0B-449B-B721-69BA84909BBE}.Debug|Any CPU.ActiveCfg = Debug|Any CPU
		{8153C682-9A0B-449B-B721-69BA84909BBE}.Debug|Any CPU.Build.0 = Debug|Any CPU
		{8153C682-9A0B-449B-B721-69BA84909BBE}.Release|Any CPU.ActiveCfg = Release|Any CPU
		{8153C682-9A0B-449B-B721-69BA84909BBE}.Release|Any CPU.Build.0 = Release|Any CPU
	EndGlobalSection
	GlobalSection(SolutionProperties) = preSolution
		HideSolutionNode = FALSE
	EndGlobalSection
	GlobalSection(ExtensibilityGlobals) = postSolution
		SolutionGuid = {874B970B-F56F-4F9B-A2C0-D9DB5E5A19FC}
	EndGlobalSection
EndGlobal
